
Microsoft Visual Studio Solution File, Format Version 12.00
# Visual Studio Version 17
VisualStudioVersion = 17.6.33723.286
MinimumVisualStudioVersion = 10.0.40219.1
Project("{FAE04EC0-301F-11D3-BF4B-00C04F79EFBC}") = "VoFtwE.DataCommander", "VoFtwE.DataCommander.csproj", "{754108B3-E940-4BE8-A2BC-4FF5E8FCBEBF}"
EndProject
Global
	GlobalSection(SolutionConfigurationPlatforms) = preSolution
		Debug|Any CPU = Debug|Any CPU
		Release|Any CPU = Release|Any CPU
	EndGlobalSection
	GlobalSection(ProjectConfigurationPlatforms) = postSolution
		{754108B3-E940-4BE8-A2BC-4FF5E8FCBEBF}.Debug|Any CPU.ActiveCfg = Debug|Any CPU
		{754108B3-E940-4BE8-A2BC-4FF5E8FCBEBF}.Debug|Any CPU.Build.0 = Debug|Any CPU
		{754108B3-E940-4BE8-A2BC-4FF5E8FCBEBF}.Release|Any CPU.ActiveCfg = Release|Any CPU
		{754108B3-E940-4BE8-A2BC-4FF5E8FCBEBF}.Release|Any CPU.Build.0 = Release|Any CPU
	EndGlobalSection
	GlobalSection(SolutionProperties) = preSolution
		HideSolutionNode = FALSE
	EndGlobalSection
	GlobalSection(ExtensibilityGlobals) = postSolution
		SolutionGuid = {B10814F9-DF2C-4734-BDA5-AAEFFF7E83FC}
	EndGlobalSection
EndGlobal
